
Microsoft Visual Studio Solution File, Format Version 12.00
# Visual Studio Version 17
VisualStudioVersion = 17.0.31903.59
MinimumVisualStudioVersion = 10.0.40219.1
Project("{2150E333-8FDC-42A3-9474-1A3956D46DE8}") = "src", "src", "{732918F5-3F5D-42B9-B3E7-BAEBD90FC1CE}"
EndProject
Project("{FAE04EC0-301F-11D3-BF4B-00C04F79EFBC}") = "NovaWallet.Api", "src\NovaWallet.Api\NovaWallet.Api.csproj", "{94DA44E2-4A3F-4C2A-8531-53D3625D0DE9}"
EndProject
Global
	GlobalSection(SolutionConfigurationPlatforms) = preSolution
		Debug|Any CPU = Debug|Any CPU
		Release|Any CPU = Release|Any CPU
	EndGlobalSection
	GlobalSection(SolutionProperties) = preSolution
		HideSolutionNode = FALSE
	EndGlobalSection
	GlobalSection(ProjectConfigurationPlatforms) = postSolution
		{94DA44E2-4A3F-4C2A-8531-53D3625D0DE9}.Debug|Any CPU.ActiveCfg = Debug|Any CPU
		{94DA44E2-4A3F-4C2A-8531-53D3625D0DE9}.Debug|Any CPU.Build.0 = Debug|Any CPU
		{94DA44E2-4A3F-4C2A-8531-53D3625D0DE9}.Release|Any CPU.ActiveCfg = Release|Any CPU
		{94DA44E2-4A3F-4C2A-8531-53D3625D0DE9}.Release|Any CPU.Build.0 = Release|Any CPU
	EndGlobalSection
	GlobalSection(NestedProjects) = preSolution
		{94DA44E2-4A3F-4C2A-8531-53D3625D0DE9} = {732918F5-3F5D-42B9-B3E7-BAEBD90FC1CE}
	EndGlobalSection
EndGlobal
